
Microsoft Visual Studio Solution File, Format Version 12.00
# Visual Studio 15
VisualStudioVersion = 15.0.27004.2002
MinimumVisualStudioVersion = 10.0.40219.1
Project("{8BC9CEB8-8B4A-11D0-8D11-00A0C91BC942}") = "Clases", "Clases\Clases.vcxproj", "{E4B5D183-EF0A-4507-B8CA-5C8689BCA376}"
EndProject
Global
	GlobalSection(SolutionConfigurationPlatforms) = preSolution
		Debug|x64 = Debug|x64
		Debug|x86 = Debug|x86
		Release|x64 = Release|x64
		Release|x86 = Release|x86
	EndGlobalSection
	GlobalSection(ProjectConfigurationPlatforms) = postSolution
		{E4B5D183-EF0A-4507-B8CA-5C8689BCA376}.Debug|x64.ActiveCfg = Debug|x64
		{E4B5D183-EF0A-4507-B8CA-5C8689BCA376}.Debug|x64.Build.0 = Debug|x64
		{E4B5D183-EF0A-4507-B8CA-5C8689BCA376}.Debug|x86.ActiveCfg = Debug|Win32
		{E4B5D183-EF0A-4507-B8CA-5C8689BCA376}.Debug|x86.Build.0 = Debug|Win32
		{E4B5D183-EF0A-4507-B8CA-5C8689BCA376}.Release|x64.ActiveCfg = Release|x64
		{E4B5D183-EF0A-4507-B8CA-5C8689BCA376}.Release|x64.Build.0 = Release|x64
		{E4B5D183-EF0A-4507-B8CA-5C8689BCA376}.Release|x86.ActiveCfg = Release|Win32
		{E4B5D183-EF0A-4507-B8CA-5C8689BCA376}.Release|x86.Build.0 = Release|Win32
	EndGlobalSection
	GlobalSection(SolutionProperties) = preSolution
		HideSolutionNode = FALSE
	EndGlobalSection
	GlobalSection(ExtensibilityGlobals) = postSolution
		SolutionGuid = {7E796B13-2E92-4683-BF1B-5DF16B2ACFF1}
	EndGlobalSection
EndGlobal
