
Microsoft Visual Studio Solution File, Format Version 12.00
# Visual Studio 15
VisualStudioVersion = 15.0.27004.2002
MinimumVisualStudioVersion = 10.0.40219.1
Project("{8BC9CEB8-8B4A-11D0-8D11-00A0C91BC942}") = "EjercicioApuntadores", "EjercicioApuntadores\EjercicioApuntadores.vcxproj", "{0051F07E-5E7A-4B26-B87E-7C4DA4AFDE12}"
EndProject
Project("{8BC9CEB8-8B4A-11D0-8D11-00A0C91BC942}") = "BigInt", "BigInt\BigInt.vcxproj", "{0F595384-C464-4D1A-A307-7A099F728C86}"
EndProject
Global
	GlobalSection(SolutionConfigurationPlatforms) = preSolution
		Debug|x64 = Debug|x64
		Debug|x86 = Debug|x86
		Release|x64 = Release|x64
		Release|x86 = Release|x86
	EndGlobalSection
	GlobalSection(ProjectConfigurationPlatforms) = postSolution
		{0051F07E-5E7A-4B26-B87E-7C4DA4AFDE12}.Debug|x64.ActiveCfg = Debug|x64
		{0051F07E-5E7A-4B26-B87E-7C4DA4AFDE12}.Debug|x64.Build.0 = Debug|x64
		{0051F07E-5E7A-4B26-B87E-7C4DA4AFDE12}.Debug|x86.ActiveCfg = Debug|Win32
		{0051F07E-5E7A-4B26-B87E-7C4DA4AFDE12}.Debug|x86.Build.0 = Debug|Win32
		{0051F07E-5E7A-4B26-B87E-7C4DA4AFDE12}.Release|x64.ActiveCfg = Release|x64
		{0051F07E-5E7A-4B26-B87E-7C4DA4AFDE12}.Release|x64.Build.0 = Release|x64
		{0051F07E-5E7A-4B26-B87E-7C4DA4AFDE12}.Release|x86.ActiveCfg = Release|Win32
		{0051F07E-5E7A-4B26-B87E-7C4DA4AFDE12}.Release|x86.Build.0 = Release|Win32
		{0F595384-C464-4D1A-A307-7A099F728C86}.Debug|x64.ActiveCfg = Debug|x64
		{0F595384-C464-4D1A-A307-7A099F728C86}.Debug|x64.Build.0 = Debug|x64
		{0F595384-C464-4D1A-A307-7A099F728C86}.Debug|x86.ActiveCfg = Debug|Win32
		{0F595384-C464-4D1A-A307-7A099F728C86}.Debug|x86.Build.0 = Debug|Win32
		{0F595384-C464-4D1A-A307-7A099F728C86}.Release|x64.ActiveCfg = Release|x64
		{0F595384-C464-4D1A-A307-7A099F728C86}.Release|x64.Build.0 = Release|x64
		{0F595384-C464-4D1A-A307-7A099F728C86}.Release|x86.ActiveCfg = Release|Win32
		{0F595384-C464-4D1A-A307-7A099F728C86}.Release|x86.Build.0 = Release|Win32
	EndGlobalSection
	GlobalSection(SolutionProperties) = preSolution
		HideSolutionNode = FALSE
	EndGlobalSection
	GlobalSection(ExtensibilityGlobals) = postSolution
		SolutionGuid = {75A50FD1-DE78-4A5D-B6DF-E79147E50897}
	EndGlobalSection
EndGlobal
